
Microsoft Visual Studio Solution File, Format Version 11.00
# Visual Studio 2010
Project("{FAE04EC0-301F-11D3-BF4B-00C04F79EFBC}") = "AstarPathfindingProject", "AstarPathfindingProject.csproj", "{D0ABB5B0-5106-CD41-7EFA-BD161D41A7E3}"
EndProject
Project("{FAE04EC0-301F-11D3-BF4B-00C04F79EFBC}") = "Assembly-CSharp", "Assembly-CSharp.csproj", "{F1271108-AFB7-E564-C532-DBFEA7ED45D5}"
EndProject
Project("{FAE04EC0-301F-11D3-BF4B-00C04F79EFBC}") = "AstarPathfindingProjectEditor", "AstarPathfindingProjectEditor.csproj", "{2E556F00-F09A-FFFD-E8D5-E2014497F48C}"
EndProject
Project("{FAE04EC0-301F-11D3-BF4B-00C04F79EFBC}") = "PackageToolsEditor", "PackageToolsEditor.csproj", "{208D8FD0-4257-599F-9BAA-42EDFC37FDD7}"
EndProject
Global
	GlobalSection(SolutionConfigurationPlatforms) = preSolution
		Debug|Any CPU = Debug|Any CPU
		Release|Any CPU = Release|Any CPU
	EndGlobalSection
	GlobalSection(ProjectConfigurationPlatforms) = postSolution
		{D0ABB5B0-5106-CD41-7EFA-BD161D41A7E3}.Debug|Any CPU.ActiveCfg = Debug|Any CPU
		{D0ABB5B0-5106-CD41-7EFA-BD161D41A7E3}.Debug|Any CPU.Build.0 = Debug|Any CPU
		{D0ABB5B0-5106-CD41-7EFA-BD161D41A7E3}.Release|Any CPU.ActiveCfg = Release|Any CPU
		{D0ABB5B0-5106-CD41-7EFA-BD161D41A7E3}.Release|Any CPU.Build.0 = Release|Any CPU
		{F1271108-AFB7-E564-C532-DBFEA7ED45D5}.Debug|Any CPU.ActiveCfg = Debug|Any CPU
		{F1271108-AFB7-E564-C532-DBFEA7ED45D5}.Debug|Any CPU.Build.0 = Debug|Any CPU
		{F1271108-AFB7-E564-C532-DBFEA7ED45D5}.Release|Any CPU.ActiveCfg = Release|Any CPU
		{F1271108-AFB7-E564-C532-DBFEA7ED45D5}.Release|Any CPU.Build.0 = Release|Any CPU
		{2E556F00-F09A-FFFD-E8D5-E2014497F48C}.Debug|Any CPU.ActiveCfg = Debug|Any CPU
		{2E556F00-F09A-FFFD-E8D5-E2014497F48C}.Debug|Any CPU.Build.0 = Debug|Any CPU
		{2E556F00-F09A-FFFD-E8D5-E2014497F48C}.Release|Any CPU.ActiveCfg = Release|Any CPU
		{2E556F00-F09A-FFFD-E8D5-E2014497F48C}.Release|Any CPU.Build.0 = Release|Any CPU
		{208D8FD0-4257-599F-9BAA-42EDFC37FDD7}.Debug|Any CPU.ActiveCfg = Debug|Any CPU
		{208D8FD0-4257-599F-9BAA-42EDFC37FDD7}.Debug|Any CPU.Build.0 = Debug|Any CPU
		{208D8FD0-4257-599F-9BAA-42EDFC37FDD7}.Release|Any CPU.ActiveCfg = Release|Any CPU
		{208D8FD0-4257-599F-9BAA-42EDFC37FDD7}.Release|Any CPU.Build.0 = Release|Any CPU
	EndGlobalSection
	GlobalSection(SolutionProperties) = preSolution
		HideSolutionNode = FALSE
	EndGlobalSection
EndGlobal
